// !$*UTF8*$!
{
	archiveVersion = 1;
	classes = {
	};
	objectVersion = 50;
	objects = {

/* Begin PBXBuildFile section */
		5BB131052471889A00110DBA /* Flag->Emoji.swift in Sources */ = {isa = PBXBuildFile; fileRef = 5BB131042471889A00110DBA /* Flag->Emoji.swift */; };
		5BB131082471A82100110DBA /* SF-Pro-Rounded-Bold.otf in Resources */ = {isa = PBXBuildFile; fileRef = 5BB131072471A82100110DBA /* SF-Pro-Rounded-Bold.otf */; };
		5BB1310A2471B24300110DBA /* SF-Pro-Rounded-Semibold.otf in Resources */ = {isa = PBXBuildFile; fileRef = 5BB131092471B24300110DBA /* SF-Pro-Rounded-Semibold.otf */; };
		5BB1310C2471C63000110DBA /* DataController.swift in Sources */ = {isa = PBXBuildFile; fileRef = 5BB1310B2471C63000110DBA /* DataController.swift */; };
		5BCCA7C82471168300EE6C2B /* AppDelegate.swift in Sources */ = {isa = PBXBuildFile; fileRef = 5BCCA7C72471168300EE6C2B /* AppDelegate.swift */; };
		5BCCA7CA2471168300EE6C2B /* SceneDelegate.swift in Sources */ = {isa = PBXBuildFile; fileRef = 5BCCA7C92471168300EE6C2B /* SceneDelegate.swift */; };
		5BCCA7CC2471168300EE6C2B /* ViewController.swift in Sources */ = {isa = PBXBuildFile; fileRef = 5BCCA7CB2471168300EE6C2B /* ViewController.swift */; };
		5BCCA7CF2471168300EE6C2B /* Main.storyboard in Resources */ = {isa = PBXBuildFile; fileRef = 5BCCA7CD2471168300EE6C2B /* Main.storyboard */; };
		5BCCA7D22471168300EE6C2B /* CoronaTracker.xcdatamodeld in Sources */ = {isa = PBXBuildFile; fileRef = 5BCCA7D02471168300EE6C2B /* CoronaTracker.xcdatamodeld */; };
		5BCCA7D42471168600EE6C2B /* Assets.xcassets in Resources */ = {isa = PBXBuildFile; fileRef = 5BCCA7D32471168600EE6C2B /* Assets.xcassets */; };
		5BCCA7D72471168600EE6C2B /* LaunchScreen.storyboard in Resources */ = {isa = PBXBuildFile; fileRef = 5BCCA7D52471168600EE6C2B /* LaunchScreen.storyboard */; };
		5BCCA7E2247138D800EE6C2B /* CoronaClient.swift in Sources */ = {isa = PBXBuildFile; fileRef = 5BCCA7E1247138D800EE6C2B /* CoronaClient.swift */; };
		5BCCA7E424713B5F00EE6C2B /* Country.swift in Sources */ = {isa = PBXBuildFile; fileRef = 5BCCA7E324713B5F00EE6C2B /* Country.swift */; };
		5BE091F02471695200751057 /* Summary.swift in Sources */ = {isa = PBXBuildFile; fileRef = 5BE091EF2471695200751057 /* Summary.swift */; };
		5BE091F22471707F00751057 /* HomeViewController.swift in Sources */ = {isa = PBXBuildFile; fileRef = 5BE091F12471707F00751057 /* HomeViewController.swift */; };
		5BE091F42471741A00751057 /* HomeTableViewCell.swift in Sources */ = {isa = PBXBuildFile; fileRef = 5BE091F32471741A00751057 /* HomeTableViewCell.swift */; };
/* End PBXBuildFile section */

/* Begin PBXFileReference section */
		5BB131042471889A00110DBA /* Flag->Emoji.swift */ = {isa = PBXFileReference; lastKnownFileType = sourcecode.swift; path = "Flag->Emoji.swift"; sourceTree = "<group>"; };
		5BB131072471A82100110DBA /* SF-Pro-Rounded-Bold.otf */ = {isa = PBXFileReference; lastKnownFileType = file; path = "SF-Pro-Rounded-Bold.otf"; sourceTree = "<group>"; };
		5BB131092471B24300110DBA /* SF-Pro-Rounded-Semibold.otf */ = {isa = PBXFileReference; lastKnownFileType = file; path = "SF-Pro-Rounded-Semibold.otf"; sourceTree = "<group>"; };
		5BB1310B2471C63000110DBA /* DataController.swift */ = {isa = PBXFileReference; lastKnownFileType = sourcecode.swift; path = DataController.swift; sourceTree = "<group>"; };
		5BCCA7C42471168300EE6C2B /* CoronaTracker.app */ = {isa = PBXFileReference; explicitFileType = wrapper.application; includeInIndex = 0; path = CoronaTracker.app; sourceTree = BUILT_PRODUCTS_DIR; };
		5BCCA7C72471168300EE6C2B /* AppDelegate.swift */ = {isa = PBXFileReference; lastKnownFileType = sourcecode.swift; path = AppDelegate.swift; sourceTree = "<group>"; };
		5BCCA7C92471168300EE6C2B /* SceneDelegate.swift */ = {isa = PBXFileReference; lastKnownFileType = sourcecode.swift; path = SceneDelegate.swift; sourceTree = "<group>"; };
		5BCCA7CB2471168300EE6C2B /* ViewController.swift */ = {isa = PBXFileReference; lastKnownFileType = sourcecode.swift; path = ViewController.swift; sourceTree = "<group>"; };
		5BCCA7CE2471168300EE6C2B /* Base */ = {isa = PBXFileReference; lastKnownFileType = file.storyboard; name = Base; path = Base.lproj/Main.storyboard; sourceTree = "<group>"; };
		5BCCA7D12471168300EE6C2B /* CoronaTracker.xcdatamodel */ = {isa = PBXFileReference; lastKnownFileType = wrapper.xcdatamodel; path = CoronaTracker.xcdatamodel; sourceTree = "<group>"; };
		5BCCA7D32471168600EE6C2B /* Assets.xcassets */ = {isa = PBXFileReference; lastKnownFileType = folder.assetcatalog; path = Assets.xcassets; sourceTree = "<group>"; };
		5BCCA7D62471168600EE6C2B /* Base */ = {isa = PBXFileReference; lastKnownFileType = file.storyboard; name = Base; path = Base.lproj/LaunchScreen.storyboard; sourceTree = "<group>"; };
		5BCCA7D82471168600EE6C2B /* Info.plist */ = {isa = PBXFileReference; lastKnownFileType = text.plist.xml; path = Info.plist; sourceTree = "<group>"; };
		5BCCA7E1247138D800EE6C2B /* CoronaClient.swift */ = {isa = PBXFileReference; lastKnownFileType = sourcecode.swift; path = CoronaClient.swift; sourceTree = "<group>"; };
		5BCCA7E324713B5F00EE6C2B /* Country.swift */ = {isa = PBXFileReference; lastKnownFileType = sourcecode.swift; path = Country.swift; sourceTree = "<group>"; };
		5BE091EF2471695200751057 /* Summary.swift */ = {isa = PBXFileReference; lastKnownFileType = sourcecode.swift; path = Summary.swift; sourceTree = "<group>"; };
		5BE091F12471707F00751057 /* HomeViewController.swift */ = {isa = PBXFileReference; lastKnownFileType = sourcecode.swift; path = HomeViewController.swift; sourceTree = "<group>"; };
		5BE091F32471741A00751057 /* HomeTableViewCell.swift */ = {isa = PBXFileReference; lastKnownFileType = sourcecode.swift; path = HomeTableViewCell.swift; sourceTree = "<group>"; };
/* End PBXFileReference section */

/* Begin PBXFrameworksBuildPhase section */
		5BCCA7C12471168300EE6C2B /* Frameworks */ = {
			isa = PBXFrameworksBuildPhase;
			buildActionMask = 2147483647;
			files = (
			);
			runOnlyForDeploymentPostprocessing = 0;
		};
/* End PBXFrameworksBuildPhase section */

/* Begin PBXGroup section */
		5BB131062471A81500110DBA /* Fonts */ = {
			isa = PBXGroup;
			children = (
				5BB131072471A82100110DBA /* SF-Pro-Rounded-Bold.otf */,
				5BB131092471B24300110DBA /* SF-Pro-Rounded-Semibold.otf */,
			);
			path = Fonts;
			sourceTree = "<group>";
		};
		5BCCA7BB2471168300EE6C2B = {
			isa = PBXGroup;
			children = (
				5BCCA7C62471168300EE6C2B /* CoronaTracker */,
				5BB131062471A81500110DBA /* Fonts */,
				5BCCA7C52471168300EE6C2B /* Products */,
			);
			sourceTree = "<group>";
		};
		5BCCA7C52471168300EE6C2B /* Products */ = {
			isa = PBXGroup;
			children = (
				5BCCA7C42471168300EE6C2B /* CoronaTracker.app */,
			);
			name = Products;
			sourceTree = "<group>";
		};
		5BCCA7C62471168300EE6C2B /* CoronaTracker */ = {
			isa = PBXGroup;
			children = (
				5BCCA7E82471606100EE6C2B /* Utilities */,
				5BCCA7DE247138A300EE6C2B /* Model */,
				5BCCA7DF247138A400EE6C2B /* View */,
				5BCCA7E0247138A500EE6C2B /* Controller */,
				5BCCA7C72471168300EE6C2B /* AppDelegate.swift */,
				5BCCA7C92471168300EE6C2B /* SceneDelegate.swift */,
				5BCCA7CB2471168300EE6C2B /* ViewController.swift */,
				5BCCA7CD2471168300EE6C2B /* Main.storyboard */,
				5BCCA7D32471168600EE6C2B /* Assets.xcassets */,
				5BCCA7D52471168600EE6C2B /* LaunchScreen.storyboard */,
				5BCCA7D82471168600EE6C2B /* Info.plist */,
				5BCCA7D02471168300EE6C2B /* CoronaTracker.xcdatamodeld */,
			);
			path = CoronaTracker;
			sourceTree = "<group>";
		};
		5BCCA7DE247138A300EE6C2B /* Model */ = {
			isa = PBXGroup;
			children = (
				5BCCA7E1247138D800EE6C2B /* CoronaClient.swift */,
				5BCCA7E324713B5F00EE6C2B /* Country.swift */,
				5BE091EF2471695200751057 /* Summary.swift */,
				5BB1310B2471C63000110DBA /* DataController.swift */,
			);
			path = Model;
			sourceTree = "<group>";
		};
		5BCCA7DF247138A400EE6C2B /* View */ = {
			isa = PBXGroup;
			children = (
				5BE091F32471741A00751057 /* HomeTableViewCell.swift */,
			);
			path = View;
			sourceTree = "<group>";
		};
		5BCCA7E0247138A500EE6C2B /* Controller */ = {
			isa = PBXGroup;
			children = (
				5BE091F12471707F00751057 /* HomeViewController.swift */,
			);
			path = Controller;
			sourceTree = "<group>";
		};
		5BCCA7E82471606100EE6C2B /* Utilities */ = {
			isa = PBXGroup;
			children = (
				5BB131042471889A00110DBA /* Flag->Emoji.swift */,
			);
			path = Utilities;
			sourceTree = "<group>";
		};
/* End PBXGroup section */

/* Begin PBXNativeTarget section */
		5BCCA7C32471168300EE6C2B /* CoronaTracker */ = {
			isa = PBXNativeTarget;
			buildConfigurationList = 5BCCA7DB2471168600EE6C2B /* Build configuration list for PBXNativeTarget "CoronaTracker" */;
			buildPhases = (
				5BCCA7C02471168300EE6C2B /* Sources */,
				5BCCA7C12471168300EE6C2B /* Frameworks */,
				5BCCA7C22471168300EE6C2B /* Resources */,
			);
			buildRules = (
			);
			dependencies = (
			);
			name = CoronaTracker;
			productName = CoronaTracker;
			productReference = 5BCCA7C42471168300EE6C2B /* CoronaTracker.app */;
			productType = "com.apple.product-type.application";
		};
/* End PBXNativeTarget section */

/* Begin PBXProject section */
		5BCCA7BC2471168300EE6C2B /* Project object */ = {
			isa = PBXProject;
			attributes = {
				LastSwiftUpdateCheck = 1140;
				LastUpgradeCheck = 1140;
				ORGANIZATIONNAME = "Aaryan Kothari";
				TargetAttributes = {
					5BCCA7C32471168300EE6C2B = {
						CreatedOnToolsVersion = 11.4;
					};
				};
			};
			buildConfigurationList = 5BCCA7BF2471168300EE6C2B /* Build configuration list for PBXProject "CoronaTracker" */;
			compatibilityVersion = "Xcode 9.3";
			developmentRegion = en;
			hasScannedForEncodings = 0;
			knownRegions = (
				en,
				Base,
			);
			mainGroup = 5BCCA7BB2471168300EE6C2B;
			productRefGroup = 5BCCA7C52471168300EE6C2B /* Products */;
			projectDirPath = "";
			projectRoot = "";
			targets = (
				5BCCA7C32471168300EE6C2B /* CoronaTracker */,
			);
		};
/* End PBXProject section */

/* Begin PBXResourcesBuildPhase section */
		5BCCA7C22471168300EE6C2B /* Resources */ = {
			isa = PBXResourcesBuildPhase;
			buildActionMask = 2147483647;
			files = (
				5BCCA7D72471168600EE6C2B /* LaunchScreen.storyboard in Resources */,
				5BB131082471A82100110DBA /* SF-Pro-Rounded-Bold.otf in Resources */,
				5BCCA7D42471168600EE6C2B /* Assets.xcassets in Resources */,
				5BCCA7CF2471168300EE6C2B /* Main.storyboard in Resources */,
				5BB1310A2471B24300110DBA /* SF-Pro-Rounded-Semibold.otf in Resources */,
			);
			runOnlyForDeploymentPostprocessing = 0;
		};
/* End PBXResourcesBuildPhase section */

/* Begin PBXSourcesBuildPhase section */
		5BCCA7C02471168300EE6C2B /* Sources */ = {
			isa = PBXSourcesBuildPhase;
			buildActionMask = 2147483647;
			files = (
				5BCCA7D22471168300EE6C2B /* CoronaTracker.xcdatamodeld in Sources */,
				5BCCA7CC2471168300EE6C2B /* ViewController.swift in Sources */,
				5BCCA7C82471168300EE6C2B /* AppDelegate.swift in Sources */,
				5BB131052471889A00110DBA /* Flag->Emoji.swift in Sources */,
				5BE091F22471707F00751057 /* HomeViewController.swift in Sources */,
				5BB1310C2471C63000110DBA /* DataController.swift in Sources */,
				5BCCA7E2247138D800EE6C2B /* CoronaClient.swift in Sources */,
				5BCCA7E424713B5F00EE6C2B /* Country.swift in Sources */,
				5BE091F42471741A00751057 /* HomeTableViewCell.swift in Sources */,
				5BCCA7CA2471168300EE6C2B /* SceneDelegate.swift in Sources */,
				5BE091F02471695200751057 /* Summary.swift in Sources */,
			);
			runOnlyForDeploymentPostprocessing = 0;
		};
/* End PBXSourcesBuildPhase section */

/* Begin PBXVariantGroup section */
		5BCCA7CD2471168300EE6C2B /* Main.storyboard */ = {
			isa = PBXVariantGroup;
			children = (
				5BCCA7CE2471168300EE6C2B /* Base */,
			);
			name = Main.storyboard;
			sourceTree = "<group>";
		};
		5BCCA7D52471168600EE6C2B /* LaunchScreen.storyboard */ = {
			isa = PBXVariantGroup;
			children = (
				5BCCA7D62471168600EE6C2B /* Base */,
			);
			name = LaunchScreen.storyboard;
			sourceTree = "<group>";
		};
/* End PBXVariantGroup section */

/* Begin XCBuildConfiguration section */
		5BCCA7D92471168600EE6C2B /* Debug */ = {
			isa = XCBuildConfiguration;
			buildSettings = {
				ALWAYS_SEARCH_USER_PATHS = NO;
				CLANG_ANALYZER_NONNULL = YES;
				CLANG_ANALYZER_NUMBER_OBJECT_CONVERSION = YES_AGGRESSIVE;
				CLANG_CXX_LANGUAGE_STANDARD = "gnu++14";
				CLANG_CXX_LIBRARY = "libc++";
				CLANG_ENABLE_MODULES = YES;
				CLANG_ENABLE_OBJC_ARC = YES;
				CLANG_ENABLE_OBJC_WEAK = YES;
				CLANG_WARN_BLOCK_CAPTURE_AUTORELEASING = YES;
				CLANG_WARN_BOOL_CONVERSION = YES;
				CLANG_WARN_COMMA = YES;
				CLANG_WARN_CONSTANT_CONVERSION = YES;
				CLANG_WARN_DEPRECATED_OBJC_IMPLEMENTATIONS = YES;
				CLANG_WARN_DIRECT_OBJC_ISA_USAGE = YES_ERROR;
				CLANG_WARN_DOCUMENTATION_COMMENTS = YES;
				CLANG_WARN_EMPTY_BODY = YES;
				CLANG_WARN_ENUM_CONVERSION = YES;
				CLANG_WARN_INFINITE_RECURSION = YES;
				CLANG_WARN_INT_CONVERSION = YES;
				CLANG_WARN_NON_LITERAL_NULL_CONVERSION = YES;
				CLANG_WARN_OBJC_IMPLICIT_RETAIN_SELF = YES;
				CLANG_WARN_OBJC_LITERAL_CONVERSION = YES;
				CLANG_WARN_OBJC_ROOT_CLASS = YES_ERROR;
				CLANG_WARN_RANGE_LOOP_ANALYSIS = YES;
				CLANG_WARN_STRICT_PROTOTYPES = YES;
				CLANG_WARN_SUSPICIOUS_MOVE = YES;
				CLANG_WARN_UNGUARDED_AVAILABILITY = YES_AGGRESSIVE;
				CLANG_WARN_UNREACHABLE_CODE = YES;
				CLANG_WARN__DUPLICATE_METHOD_MATCH = YES;
				COPY_PHASE_STRIP = NO;
				DEBUG_INFORMATION_FORMAT = dwarf;
				ENABLE_STRICT_OBJC_MSGSEND = YES;
				ENABLE_TESTABILITY = YES;
				GCC_C_LANGUAGE_STANDARD = gnu11;
				GCC_DYNAMIC_NO_PIC = NO;
				GCC_NO_COMMON_BLOCKS = YES;
				GCC_OPTIMIZATION_LEVEL = 0;
				GCC_PREPROCESSOR_DEFINITIONS = (
					"DEBUG=1",
					"$(inherited)",
				);
				GCC_WARN_64_TO_32_BIT_CONVERSION = YES;
				GCC_WARN_ABOUT_RETURN_TYPE = YES_ERROR;
				GCC_WARN_UNDECLARED_SELECTOR = YES;
				GCC_WARN_UNINITIALIZED_AUTOS = YES_AGGRESSIVE;
				GCC_WARN_UNUSED_FUNCTION = YES;
				GCC_WARN_UNUSED_VARIABLE = YES;
				IPHONEOS_DEPLOYMENT_TARGET = 13.4;
				MTL_ENABLE_DEBUG_INFO = INCLUDE_SOURCE;
				MTL_FAST_MATH = YES;
				ONLY_ACTIVE_ARCH = YES;
				SDKROOT = iphoneos;
				SWIFT_ACTIVE_COMPILATION_CONDITIONS = DEBUG;
				SWIFT_OPTIMIZATION_LEVEL = "-Onone";
			};
			name = Debug;
		};
		5BCCA7DA2471168600EE6C2B /* Release */ = {
			isa = XCBuildConfiguration;
			buildSettings = {
				ALWAYS_SEARCH_USER_PATHS = NO;
				CLANG_ANALYZER_NONNULL = YES;
				CLANG_ANALYZER_NUMBER_OBJECT_CONVERSION = YES_AGGRESSIVE;
				CLANG_CXX_LANGUAGE_STANDARD = "gnu++14";
				CLANG_CXX_LIBRARY = "libc++";
				CLANG_ENABLE_MODULES = YES;
				CLANG_ENABLE_OBJC_ARC = YES;
				CLANG_ENABLE_OBJC_WEAK = YES;
				CLANG_WARN_BLOCK_CAPTURE_AUTORELEASING = YES;
				CLANG_WARN_BOOL_CONVERSION = YES;
				CLANG_WARN_COMMA = YES;
				CLANG_WARN_CONSTANT_CONVERSION = YES;
				CLANG_WARN_DEPRECATED_OBJC_IMPLEMENTATIONS = YES;
				CLANG_WARN_DIRECT_OBJC_ISA_USAGE = YES_ERROR;
				CLANG_WARN_DOCUMENTATION_COMMENTS = YES;
				CLANG_WARN_EMPTY_BODY = YES;
				CLANG_WARN_ENUM_CONVERSION = YES;
				CLANG_WARN_INFINITE_RECURSION = YES;
				CLANG_WARN_INT_CONVERSION = YES;
				CLANG_WARN_NON_LITERAL_NULL_CONVERSION = YES;
				CLANG_WARN_OBJC_IMPLICIT_RETAIN_SELF = YES;
				CLANG_WARN_OBJC_LITERAL_CONVERSION = YES;
				CLANG_WARN_OBJC_ROOT_CLASS = YES_ERROR;
				CLANG_WARN_RANGE_LOOP_ANALYSIS = YES;
				CLANG_WARN_STRICT_PROTOTYPES = YES;
				CLANG_WARN_SUSPICIOUS_MOVE = YES;
				CLANG_WARN_UNGUARDED_AVAILABILITY = YES_AGGRESSIVE;
				CLANG_WARN_UNREACHABLE_CODE = YES;
				CLANG_WARN__DUPLICATE_METHOD_MATCH = YES;
				COPY_PHASE_STRIP = NO;
				DEBUG_INFORMATION_FORMAT = "dwarf-with-dsym";
				ENABLE_NS_ASSERTIONS = NO;
				ENABLE_STRICT_OBJC_MSGSEND = YES;
				GCC_C_LANGUAGE_STANDARD = gnu11;
				GCC_NO_COMMON_BLOCKS = YES;
				GCC_WARN_64_TO_32_BIT_CONVERSION = YES;
				GCC_WARN_ABOUT_RETURN_TYPE = YES_ERROR;
				GCC_WARN_UNDECLARED_SELECTOR = YES;
				GCC_WARN_UNINITIALIZED_AUTOS = YES_AGGRESSIVE;
				GCC_WARN_UNUSED_FUNCTION = YES;
				GCC_WARN_UNUSED_VARIABLE = YES;
				IPHONEOS_DEPLOYMENT_TARGET = 13.4;
				MTL_ENABLE_DEBUG_INFO = NO;
				MTL_FAST_MATH = YES;
				SDKROOT = iphoneos;
				SWIFT_COMPILATION_MODE = wholemodule;
				SWIFT_OPTIMIZATION_LEVEL = "-O";
				VALIDATE_PRODUCT = YES;
			};
			name = Release;
		};
		5BCCA7DC2471168600EE6C2B /* Debug */ = {
			isa = XCBuildConfiguration;
			buildSettings = {
				ASSETCATALOG_COMPILER_APPICON_NAME = AppIcon;
				CODE_SIGN_STYLE = Automatic;
				DEVELOPMENT_TEAM = F8CHS6PHQS;
				INFOPLIST_FILE = CoronaTracker/Info.plist;
				LD_RUNPATH_SEARCH_PATHS = (
					"$(inherited)",
					"@executable_path/Frameworks",
				);
				PRODUCT_BUNDLE_IDENTIFIER = ak.CoronaTracker;
				PRODUCT_NAME = "$(TARGET_NAME)";
				SWIFT_VERSION = 5.0;
				TARGETED_DEVICE_FAMILY = "1,2";
			};
			name = Debug;
		};
		5BCCA7DD2471168600EE6C2B /* Release */ = {
			isa = XCBuildConfiguration;
			buildSettings = {
				ASSETCATALOG_COMPILER_APPICON_NAME = AppIcon;
				CODE_SIGN_STYLE = Automatic;
				DEVELOPMENT_TEAM = F8CHS6PHQS;
				INFOPLIST_FILE = CoronaTracker/Info.plist;
				LD_RUNPATH_SEARCH_PATHS = (
					"$(inherited)",
					"@executable_path/Frameworks",
				);
				PRODUCT_BUNDLE_IDENTIFIER = ak.CoronaTracker;
				PRODUCT_NAME = "$(TARGET_NAME)";
				SWIFT_VERSION = 5.0;
				TARGETED_DEVICE_FAMILY = "1,2";
			};
			name = Release;
		};
/* End XCBuildConfiguration section */

/* Begin XCConfigurationList section */
		5BCCA7BF2471168300EE6C2B /* Build configuration list for PBXProject "CoronaTracker" */ = {
			isa = XCConfigurationList;
			buildConfigurations = (
				5BCCA7D92471168600EE6C2B /* Debug */,
				5BCCA7DA2471168600EE6C2B /* Release */,
			);
			defaultConfigurationIsVisible = 0;
			defaultConfigurationName = Release;
		};
		5BCCA7DB2471168600EE6C2B /* Build configuration list for PBXNativeTarget "CoronaTracker" */ = {
			isa = XCConfigurationList;
			buildConfigurations = (
				5BCCA7DC2471168600EE6C2B /* Debug */,
				5BCCA7DD2471168600EE6C2B /* Release */,
			);
			defaultConfigurationIsVisible = 0;
			defaultConfigurationName = Release;
		};
/* End XCConfigurationList section */

/* Begin XCVersionGroup section */
		5BCCA7D02471168300EE6C2B /* CoronaTracker.xcdatamodeld */ = {
			isa = XCVersionGroup;
			children = (
				5BCCA7D12471168300EE6C2B /* CoronaTracker.xcdatamodel */,
			);
			currentVersion = 5BCCA7D12471168300EE6C2B /* CoronaTracker.xcdatamodel */;
			path = CoronaTracker.xcdatamodeld;
			sourceTree = "<group>";
			versionGroupType = wrapper.xcdatamodel;
		};
/* End XCVersionGroup section */
	};
	rootObject = 5BCCA7BC2471168300EE6C2B /* Project object */;
}
